
Microsoft Visual Studio Solution File, Format Version 12.00
# Visual Studio Version 17
VisualStudioVersion = 17.13.35919.96 d17.13
MinimumVisualStudioVersion = 10.0.40219.1
Project("{FAE04EC0-301F-11D3-BF4B-00C04F79EFBC}") = "Laboratory Activity 22", "Laboratory Activity 22.csproj", "{BDE53DEE-36F3-4A12-81CE-C2C70492DD95}"
EndProject
Global
	GlobalSection(SolutionConfigurationPlatforms) = preSolution
		Debug|Any CPU = Debug|Any CPU
		Release|Any CPU = Release|Any CPU
	EndGlobalSection
	GlobalSection(ProjectConfigurationPlatforms) = postSolution
		{BDE53DEE-36F3-4A12-81CE-C2C70492DD95}.Debug|Any CPU.ActiveCfg = Debug|Any CPU
		{BDE53DEE-36F3-4A12-81CE-C2C70492DD95}.Debug|Any CPU.Build.0 = Debug|Any CPU
		{BDE53DEE-36F3-4A12-81CE-C2C70492DD95}.Release|Any CPU.ActiveCfg = Release|Any CPU
		{BDE53DEE-36F3-4A12-81CE-C2C70492DD95}.Release|Any CPU.Build.0 = Release|Any CPU
	EndGlobalSection
	GlobalSection(SolutionProperties) = preSolution
		HideSolutionNode = FALSE
	EndGlobalSection
	GlobalSection(ExtensibilityGlobals) = postSolution
		SolutionGuid = {830C2330-AE48-4DE4-91FC-65C168FA5833}
	EndGlobalSection
EndGlobal
